
Microsoft Visual Studio Solution File, Format Version 12.00
# Visual Studio Version 16
VisualStudioVersion = 16.0.30204.135
MinimumVisualStudioVersion = 10.0.40219.1
Project("{FAE04EC0-301F-11D3-BF4B-00C04F79EFBC}") = "FileExplorerGallery", "FileExplorerGallery\FileExplorerGallery.csproj", "{D1510A73-B9A4-41A2-BC15-B4BCBE7B2B02}"
EndProject
Project("{2150E333-8FDC-42A3-9474-1A3956D46DE8}") = "Solution Items", "Solution Items", "{472649C7-3C5E-4E48-A6C6-2C62DF0E4D13}"
	ProjectSection(SolutionItems) = preProject
		.editorconfig = .editorconfig
		FileExplorerGallery.nuspec = FileExplorerGallery.nuspec
	EndProjectSection
EndProject
Global
	GlobalSection(SolutionConfigurationPlatforms) = preSolution
		Debug|Any CPU = Debug|Any CPU
		Release|Any CPU = Release|Any CPU
	EndGlobalSection
	GlobalSection(ProjectConfigurationPlatforms) = postSolution
		{D1510A73-B9A4-41A2-BC15-B4BCBE7B2B02}.Debug|Any CPU.ActiveCfg = Debug|Any CPU
		{D1510A73-B9A4-41A2-BC15-B4BCBE7B2B02}.Debug|Any CPU.Build.0 = Debug|Any CPU
		{D1510A73-B9A4-41A2-BC15-B4BCBE7B2B02}.Release|Any CPU.ActiveCfg = Release|Any CPU
		{D1510A73-B9A4-41A2-BC15-B4BCBE7B2B02}.Release|Any CPU.Build.0 = Release|Any CPU
	EndGlobalSection
	GlobalSection(SolutionProperties) = preSolution
		HideSolutionNode = FALSE
	EndGlobalSection
	GlobalSection(ExtensibilityGlobals) = postSolution
		SolutionGuid = {5BC6D404-9068-4956-AE5C-D92866318609}
	EndGlobalSection
EndGlobal
